Microsoft Visual Studio Solution File, Format Version 12.00
# Visual Studio Version 17
VisualStudioVersion = 17.5.2.0
MinimumVisualStudioVersion = 10.0.40219.1
Project("{FAE04EC0-301F-11D3-BF4B-00C04F79EFBC}") = "Ticketing.IntegrationTests", "Ticketing.IntegrationTests.csproj", "{CA31080A-803D-23CA-0215-A9E325E8BB8B}"
EndProject
Global
	GlobalSection(SolutionConfigurationPlatforms) = preSolution
		Debug|Any CPU = Debug|Any CPU
		Release|Any CPU = Release|Any CPU
	EndGlobalSection
	GlobalSection(ProjectConfigurationPlatforms) = postSolution
		{CA31080A-803D-23CA-0215-A9E325E8BB8B}.Debug|Any CPU.ActiveCfg = Debug|Any CPU
		{CA31080A-803D-23CA-0215-A9E325E8BB8B}.Debug|Any CPU.Build.0 = Debug|Any CPU
		{CA31080A-803D-23CA-0215-A9E325E8BB8B}.Release|Any CPU.ActiveCfg = Release|Any CPU
		{CA31080A-803D-23CA-0215-A9E325E8BB8B}.Release|Any CPU.Build.0 = Release|Any CPU
	EndGlobalSection
	GlobalSection(SolutionProperties) = preSolution
		HideSolutionNode = FALSE
	EndGlobalSection
	GlobalSection(ExtensibilityGlobals) = postSolution
		SolutionGuid = {BBFFF1DF-7D7C-40AB-9D98-7C280F9C8C6F}
	EndGlobalSection
EndGlobal
